
Microsoft Visual Studio Solution File, Format Version 12.00
# Visual Studio Version 16
VisualStudioVersion = 16.0.30320.27
MinimumVisualStudioVersion = 10.0.40219.1
Project("{FAE04EC0-301F-11D3-BF4B-00C04F79EFBC}") = "InterfazGraficaGrid", "InterfazGraficaGrid\InterfazGraficaGrid.csproj", "{C0D6D4D0-4F42-442B-82DD-487036BEBD42}"
EndProject
Global
	GlobalSection(SolutionConfigurationPlatforms) = preSolution
		Debug|Any CPU = Debug|Any CPU
		Release|Any CPU = Release|Any CPU
	EndGlobalSection
	GlobalSection(ProjectConfigurationPlatforms) = postSolution
		{C0D6D4D0-4F42-442B-82DD-487036BEBD42}.Debug|Any CPU.ActiveCfg = Debug|Any CPU
		{C0D6D4D0-4F42-442B-82DD-487036BEBD42}.Debug|Any CPU.Build.0 = Debug|Any CPU
		{C0D6D4D0-4F42-442B-82DD-487036BEBD42}.Release|Any CPU.ActiveCfg = Release|Any CPU
		{C0D6D4D0-4F42-442B-82DD-487036BEBD42}.Release|Any CPU.Build.0 = Release|Any CPU
	EndGlobalSection
	GlobalSection(SolutionProperties) = preSolution
		HideSolutionNode = FALSE
	EndGlobalSection
	GlobalSection(ExtensibilityGlobals) = postSolution
		SolutionGuid = {1F8BF6DD-A5DF-4559-AE4A-471741581252}
	EndGlobalSection
EndGlobal
