
Microsoft Visual Studio Solution File, Format Version 12.00
# Visual Studio Version 16
VisualStudioVersion = 16.0.30320.27
MinimumVisualStudioVersion = 10.0.40219.1
Project("{FAE04EC0-301F-11D3-BF4B-00C04F79EFBC}") = "GenericosClases", "GenericosClases\GenericosClases.csproj", "{9BA980D7-79E9-463B-B63B-DBE5D3C57185}"
EndProject
Global
	GlobalSection(SolutionConfigurationPlatforms) = preSolution
		Debug|Any CPU = Debug|Any CPU
		Release|Any CPU = Release|Any CPU
	EndGlobalSection
	GlobalSection(ProjectConfigurationPlatforms) = postSolution
		{9BA980D7-79E9-463B-B63B-DBE5D3C57185}.Debug|Any CPU.ActiveCfg = Debug|Any CPU
		{9BA980D7-79E9-463B-B63B-DBE5D3C57185}.Debug|Any CPU.Build.0 = Debug|Any CPU
		{9BA980D7-79E9-463B-B63B-DBE5D3C57185}.Release|Any CPU.ActiveCfg = Release|Any CPU
		{9BA980D7-79E9-463B-B63B-DBE5D3C57185}.Release|Any CPU.Build.0 = Release|Any CPU
	EndGlobalSection
	GlobalSection(SolutionProperties) = preSolution
		HideSolutionNode = FALSE
	EndGlobalSection
	GlobalSection(ExtensibilityGlobals) = postSolution
		SolutionGuid = {55B7D0E6-F060-4559-B67F-A0FB89999872}
	EndGlobalSection
EndGlobal
