
Microsoft Visual Studio Solution File, Format Version 12.00
# Visual Studio Version 16
VisualStudioVersion = 16.0.30320.27
MinimumVisualStudioVersion = 10.0.40219.1
Project("{FAE04EC0-301F-11D3-BF4B-00C04F79EFBC}") = "lanzarExepciones", "lanzarExepciones\lanzarExepciones.csproj", "{8F96B380-BC2B-470C-93C5-56E37BC1BAD6}"
EndProject
Global
	GlobalSection(SolutionConfigurationPlatforms) = preSolution
		Debug|Any CPU = Debug|Any CPU
		Release|Any CPU = Release|Any CPU
	EndGlobalSection
	GlobalSection(ProjectConfigurationPlatforms) = postSolution
		{8F96B380-BC2B-470C-93C5-56E37BC1BAD6}.Debug|Any CPU.ActiveCfg = Debug|Any CPU
		{8F96B380-BC2B-470C-93C5-56E37BC1BAD6}.Debug|Any CPU.Build.0 = Debug|Any CPU
		{8F96B380-BC2B-470C-93C5-56E37BC1BAD6}.Release|Any CPU.ActiveCfg = Release|Any CPU
		{8F96B380-BC2B-470C-93C5-56E37BC1BAD6}.Release|Any CPU.Build.0 = Release|Any CPU
	EndGlobalSection
	GlobalSection(SolutionProperties) = preSolution
		HideSolutionNode = FALSE
	EndGlobalSection
	GlobalSection(ExtensibilityGlobals) = postSolution
		SolutionGuid = {E0AB54E9-0C2C-4735-BF7F-4160B816DBDE}
	EndGlobalSection
EndGlobal
