
Microsoft Visual Studio Solution File, Format Version 12.00
# Visual Studio Version 16
VisualStudioVersion = 16.0.30320.27
MinimumVisualStudioVersion = 10.0.40219.1
Project("{FAE04EC0-301F-11D3-BF4B-00C04F79EFBC}") = "Genericosrestricciones", "Genericosrestricciones\Genericosrestricciones.csproj", "{9F271380-114E-4E2A-8025-50E0F29D3625}"
EndProject
Global
	GlobalSection(SolutionConfigurationPlatforms) = preSolution
		Debug|Any CPU = Debug|Any CPU
		Release|Any CPU = Release|Any CPU
	EndGlobalSection
	GlobalSection(ProjectConfigurationPlatforms) = postSolution
		{9F271380-114E-4E2A-8025-50E0F29D3625}.Debug|Any CPU.ActiveCfg = Debug|Any CPU
		{9F271380-114E-4E2A-8025-50E0F29D3625}.Debug|Any CPU.Build.0 = Debug|Any CPU
		{9F271380-114E-4E2A-8025-50E0F29D3625}.Release|Any CPU.ActiveCfg = Release|Any CPU
		{9F271380-114E-4E2A-8025-50E0F29D3625}.Release|Any CPU.Build.0 = Release|Any CPU
	EndGlobalSection
	GlobalSection(SolutionProperties) = preSolution
		HideSolutionNode = FALSE
	EndGlobalSection
	GlobalSection(ExtensibilityGlobals) = postSolution
		SolutionGuid = {AFAD46A7-2296-43D1-83F9-F1604D88963F}
	EndGlobalSection
EndGlobal
