
Microsoft Visual Studio Solution File, Format Version 12.00
# Visual Studio Version 16
VisualStudioVersion = 16.0.30320.27
MinimumVisualStudioVersion = 10.0.40219.1
Project("{FAE04EC0-301F-11D3-BF4B-00C04F79EFBC}") = "metodosAmbitos", "metodosAmbitos\metodosAmbitos.csproj", "{F2AB97E6-3434-45A5-BC0C-F440B3187325}"
EndProject
Global
	GlobalSection(SolutionConfigurationPlatforms) = preSolution
		Debug|Any CPU = Debug|Any CPU
		Release|Any CPU = Release|Any CPU
	EndGlobalSection
	GlobalSection(ProjectConfigurationPlatforms) = postSolution
		{F2AB97E6-3434-45A5-BC0C-F440B3187325}.Debug|Any CPU.ActiveCfg = Debug|Any CPU
		{F2AB97E6-3434-45A5-BC0C-F440B3187325}.Debug|Any CPU.Build.0 = Debug|Any CPU
		{F2AB97E6-3434-45A5-BC0C-F440B3187325}.Release|Any CPU.ActiveCfg = Release|Any CPU
		{F2AB97E6-3434-45A5-BC0C-F440B3187325}.Release|Any CPU.Build.0 = Release|Any CPU
	EndGlobalSection
	GlobalSection(SolutionProperties) = preSolution
		HideSolutionNode = FALSE
	EndGlobalSection
	GlobalSection(ExtensibilityGlobals) = postSolution
		SolutionGuid = {AAB95C57-E8BB-45EE-9993-439C71F8A189}
	EndGlobalSection
EndGlobal
