
Microsoft Visual Studio Solution File, Format Version 12.00
# Visual Studio Version 16
VisualStudioVersion = 16.0.30320.27
MinimumVisualStudioVersion = 10.0.40219.1
Project("{FAE04EC0-301F-11D3-BF4B-00C04F79EFBC}") = "CheckBox", "CheckBox\CheckBox.csproj", "{CD0910E8-7EEA-4A80-A114-B339A10AE520}"
EndProject
Global
	GlobalSection(SolutionConfigurationPlatforms) = preSolution
		Debug|Any CPU = Debug|Any CPU
		Release|Any CPU = Release|Any CPU
	EndGlobalSection
	GlobalSection(ProjectConfigurationPlatforms) = postSolution
		{CD0910E8-7EEA-4A80-A114-B339A10AE520}.Debug|Any CPU.ActiveCfg = Debug|Any CPU
		{CD0910E8-7EEA-4A80-A114-B339A10AE520}.Debug|Any CPU.Build.0 = Debug|Any CPU
		{CD0910E8-7EEA-4A80-A114-B339A10AE520}.Release|Any CPU.ActiveCfg = Release|Any CPU
		{CD0910E8-7EEA-4A80-A114-B339A10AE520}.Release|Any CPU.Build.0 = Release|Any CPU
	EndGlobalSection
	GlobalSection(SolutionProperties) = preSolution
		HideSolutionNode = FALSE
	EndGlobalSection
	GlobalSection(ExtensibilityGlobals) = postSolution
		SolutionGuid = {07DF6405-24B0-4974-AE46-4ED7B8C0A38C}
	EndGlobalSection
EndGlobal
