
Microsoft Visual Studio Solution File, Format Version 12.00
# Visual Studio Version 16
VisualStudioVersion = 16.0.30320.27
MinimumVisualStudioVersion = 10.0.40219.1
Project("{FAE04EC0-301F-11D3-BF4B-00C04F79EFBC}") = "conflictoExcepciones", "conflictoExcepciones\conflictoExcepciones.csproj", "{8D8842D6-9459-468E-8031-987779844DB2}"
EndProject
Global
	GlobalSection(SolutionConfigurationPlatforms) = preSolution
		Debug|Any CPU = Debug|Any CPU
		Release|Any CPU = Release|Any CPU
	EndGlobalSection
	GlobalSection(ProjectConfigurationPlatforms) = postSolution
		{8D8842D6-9459-468E-8031-987779844DB2}.Debug|Any CPU.ActiveCfg = Debug|Any CPU
		{8D8842D6-9459-468E-8031-987779844DB2}.Debug|Any CPU.Build.0 = Debug|Any CPU
		{8D8842D6-9459-468E-8031-987779844DB2}.Release|Any CPU.ActiveCfg = Release|Any CPU
		{8D8842D6-9459-468E-8031-987779844DB2}.Release|Any CPU.Build.0 = Release|Any CPU
	EndGlobalSection
	GlobalSection(SolutionProperties) = preSolution
		HideSolutionNode = FALSE
	EndGlobalSection
	GlobalSection(ExtensibilityGlobals) = postSolution
		SolutionGuid = {82646258-3763-4D27-B725-FFB1F1A45D66}
	EndGlobalSection
EndGlobal
