
Microsoft Visual Studio Solution File, Format Version 12.00
# Visual Studio Version 16
VisualStudioVersion = 16.0.30320.27
MinimumVisualStudioVersion = 10.0.40219.1
Project("{FAE04EC0-301F-11D3-BF4B-00C04F79EFBC}") = "ExpresionesRegular", "ExpresionesRegular\ExpresionesRegular.csproj", "{5B2DF8DF-4849-47EC-8BF5-0A3DD67EABE5}"
EndProject
Global
	GlobalSection(SolutionConfigurationPlatforms) = preSolution
		Debug|Any CPU = Debug|Any CPU
		Release|Any CPU = Release|Any CPU
	EndGlobalSection
	GlobalSection(ProjectConfigurationPlatforms) = postSolution
		{5B2DF8DF-4849-47EC-8BF5-0A3DD67EABE5}.Debug|Any CPU.ActiveCfg = Debug|Any CPU
		{5B2DF8DF-4849-47EC-8BF5-0A3DD67EABE5}.Debug|Any CPU.Build.0 = Debug|Any CPU
		{5B2DF8DF-4849-47EC-8BF5-0A3DD67EABE5}.Release|Any CPU.ActiveCfg = Release|Any CPU
		{5B2DF8DF-4849-47EC-8BF5-0A3DD67EABE5}.Release|Any CPU.Build.0 = Release|Any CPU
	EndGlobalSection
	GlobalSection(SolutionProperties) = preSolution
		HideSolutionNode = FALSE
	EndGlobalSection
	GlobalSection(ExtensibilityGlobals) = postSolution
		SolutionGuid = {C053C74B-F958-4BB8-9A65-700795899D07}
	EndGlobalSection
EndGlobal
