
Microsoft Visual Studio Solution File, Format Version 12.00
# Visual Studio Version 16
VisualStudioVersion = 16.0.30320.27
MinimumVisualStudioVersion = 10.0.40219.1
Project("{FAE04EC0-301F-11D3-BF4B-00C04F79EFBC}") = "UsoChecked", "UsoChecked\UsoChecked.csproj", "{56ADD3A9-E157-4520-8A52-BFC8B80B3BA1}"
EndProject
Global
	GlobalSection(SolutionConfigurationPlatforms) = preSolution
		Debug|Any CPU = Debug|Any CPU
		Release|Any CPU = Release|Any CPU
	EndGlobalSection
	GlobalSection(ProjectConfigurationPlatforms) = postSolution
		{56ADD3A9-E157-4520-8A52-BFC8B80B3BA1}.Debug|Any CPU.ActiveCfg = Debug|Any CPU
		{56ADD3A9-E157-4520-8A52-BFC8B80B3BA1}.Debug|Any CPU.Build.0 = Debug|Any CPU
		{56ADD3A9-E157-4520-8A52-BFC8B80B3BA1}.Release|Any CPU.ActiveCfg = Release|Any CPU
		{56ADD3A9-E157-4520-8A52-BFC8B80B3BA1}.Release|Any CPU.Build.0 = Release|Any CPU
	EndGlobalSection
	GlobalSection(SolutionProperties) = preSolution
		HideSolutionNode = FALSE
	EndGlobalSection
	GlobalSection(ExtensibilityGlobals) = postSolution
		SolutionGuid = {105752CC-DF86-4BAE-A0D8-3CFEAF63CBF1}
	EndGlobalSection
EndGlobal
