
Microsoft Visual Studio Solution File, Format Version 12.00
# Visual Studio Version 16
VisualStudioVersion = 16.0.30320.27
MinimumVisualStudioVersion = 10.0.40219.1
Project("{FAE04EC0-301F-11D3-BF4B-00C04F79EFBC}") = "Colecciones_Stack", "Colecciones_Stack\Colecciones_Stack.csproj", "{895AD510-0B33-43EA-8E01-971CCCA148DA}"
EndProject
Global
	GlobalSection(SolutionConfigurationPlatforms) = preSolution
		Debug|Any CPU = Debug|Any CPU
		Release|Any CPU = Release|Any CPU
	EndGlobalSection
	GlobalSection(ProjectConfigurationPlatforms) = postSolution
		{895AD510-0B33-43EA-8E01-971CCCA148DA}.Debug|Any CPU.ActiveCfg = Debug|Any CPU
		{895AD510-0B33-43EA-8E01-971CCCA148DA}.Debug|Any CPU.Build.0 = Debug|Any CPU
		{895AD510-0B33-43EA-8E01-971CCCA148DA}.Release|Any CPU.ActiveCfg = Release|Any CPU
		{895AD510-0B33-43EA-8E01-971CCCA148DA}.Release|Any CPU.Build.0 = Release|Any CPU
	EndGlobalSection
	GlobalSection(SolutionProperties) = preSolution
		HideSolutionNode = FALSE
	EndGlobalSection
	GlobalSection(ExtensibilityGlobals) = postSolution
		SolutionGuid = {47AF638E-00B8-4281-83A0-32AB8DEAC2BC}
	EndGlobalSection
EndGlobal
