
Microsoft Visual Studio Solution File, Format Version 12.00
# Visual Studio Version 16
VisualStudioVersion = 16.0.30320.27
MinimumVisualStudioVersion = 10.0.40219.1
Project("{FAE04EC0-301F-11D3-BF4B-00C04F79EFBC}") = "convertirTextoANumero", "convertirTextoANumero\convertirTextoANumero.csproj", "{1A64F51C-2E20-4A2B-9C89-8BAAD0823EA9}"
EndProject
Global
	GlobalSection(SolutionConfigurationPlatforms) = preSolution
		Debug|Any CPU = Debug|Any CPU
		Release|Any CPU = Release|Any CPU
	EndGlobalSection
	GlobalSection(ProjectConfigurationPlatforms) = postSolution
		{1A64F51C-2E20-4A2B-9C89-8BAAD0823EA9}.Debug|Any CPU.ActiveCfg = Debug|Any CPU
		{1A64F51C-2E20-4A2B-9C89-8BAAD0823EA9}.Debug|Any CPU.Build.0 = Debug|Any CPU
		{1A64F51C-2E20-4A2B-9C89-8BAAD0823EA9}.Release|Any CPU.ActiveCfg = Release|Any CPU
		{1A64F51C-2E20-4A2B-9C89-8BAAD0823EA9}.Release|Any CPU.Build.0 = Release|Any CPU
	EndGlobalSection
	GlobalSection(SolutionProperties) = preSolution
		HideSolutionNode = FALSE
	EndGlobalSection
	GlobalSection(ExtensibilityGlobals) = postSolution
		SolutionGuid = {01F58E8A-6EC3-4A03-8B34-04E42B28E018}
	EndGlobalSection
EndGlobal
