
Microsoft Visual Studio Solution File, Format Version 12.00
# Visual Studio Version 16
VisualStudioVersion = 16.0.30320.27
MinimumVisualStudioVersion = 10.0.40219.1
Project("{FAE04EC0-301F-11D3-BF4B-00C04F79EFBC}") = "DataBinding", "DataBinding\DataBinding.csproj", "{D0F32AF9-4BDC-47C0-9BD9-002F6EC5F213}"
EndProject
Global
	GlobalSection(SolutionConfigurationPlatforms) = preSolution
		Debug|Any CPU = Debug|Any CPU
		Release|Any CPU = Release|Any CPU
	EndGlobalSection
	GlobalSection(ProjectConfigurationPlatforms) = postSolution
		{D0F32AF9-4BDC-47C0-9BD9-002F6EC5F213}.Debug|Any CPU.ActiveCfg = Debug|Any CPU
		{D0F32AF9-4BDC-47C0-9BD9-002F6EC5F213}.Debug|Any CPU.Build.0 = Debug|Any CPU
		{D0F32AF9-4BDC-47C0-9BD9-002F6EC5F213}.Release|Any CPU.ActiveCfg = Release|Any CPU
		{D0F32AF9-4BDC-47C0-9BD9-002F6EC5F213}.Release|Any CPU.Build.0 = Release|Any CPU
	EndGlobalSection
	GlobalSection(SolutionProperties) = preSolution
		HideSolutionNode = FALSE
	EndGlobalSection
	GlobalSection(ExtensibilityGlobals) = postSolution
		SolutionGuid = {8BD5309E-9615-40E6-B41E-E5B9208A4770}
	EndGlobalSection
EndGlobal
