
Microsoft Visual Studio Solution File, Format Version 12.00
# Visual Studio Version 16
VisualStudioVersion = 16.0.30320.27
MinimumVisualStudioVersion = 10.0.40219.1
Project("{FAE04EC0-301F-11D3-BF4B-00C04F79EFBC}") = "excepcionesConThrow", "excepcionesConThrow\excepcionesConThrow.csproj", "{039CDC8C-763E-41B0-8137-E9DA8E18DF67}"
EndProject
Global
	GlobalSection(SolutionConfigurationPlatforms) = preSolution
		Debug|Any CPU = Debug|Any CPU
		Release|Any CPU = Release|Any CPU
	EndGlobalSection
	GlobalSection(ProjectConfigurationPlatforms) = postSolution
		{039CDC8C-763E-41B0-8137-E9DA8E18DF67}.Debug|Any CPU.ActiveCfg = Debug|Any CPU
		{039CDC8C-763E-41B0-8137-E9DA8E18DF67}.Debug|Any CPU.Build.0 = Debug|Any CPU
		{039CDC8C-763E-41B0-8137-E9DA8E18DF67}.Release|Any CPU.ActiveCfg = Release|Any CPU
		{039CDC8C-763E-41B0-8137-E9DA8E18DF67}.Release|Any CPU.Build.0 = Release|Any CPU
	EndGlobalSection
	GlobalSection(SolutionProperties) = preSolution
		HideSolutionNode = FALSE
	EndGlobalSection
	GlobalSection(ExtensibilityGlobals) = postSolution
		SolutionGuid = {C7D7AEC8-4B1F-4614-B16A-F9A3D5781633}
	EndGlobalSection
EndGlobal
