
Microsoft Visual Studio Solution File, Format Version 12.00
# Visual Studio Version 16
VisualStudioVersion = 16.0.30320.27
MinimumVisualStudioVersion = 10.0.40219.1
Project("{FAE04EC0-301F-11D3-BF4B-00C04F79EFBC}") = "Coleccion_Diccionario", "Coleccion_Diccionario\Coleccion_Diccionario.csproj", "{ED9D404B-94E8-4049-A10F-7760DE22C421}"
EndProject
Global
	GlobalSection(SolutionConfigurationPlatforms) = preSolution
		Debug|Any CPU = Debug|Any CPU
		Release|Any CPU = Release|Any CPU
	EndGlobalSection
	GlobalSection(ProjectConfigurationPlatforms) = postSolution
		{ED9D404B-94E8-4049-A10F-7760DE22C421}.Debug|Any CPU.ActiveCfg = Debug|Any CPU
		{ED9D404B-94E8-4049-A10F-7760DE22C421}.Debug|Any CPU.Build.0 = Debug|Any CPU
		{ED9D404B-94E8-4049-A10F-7760DE22C421}.Release|Any CPU.ActiveCfg = Release|Any CPU
		{ED9D404B-94E8-4049-A10F-7760DE22C421}.Release|Any CPU.Build.0 = Release|Any CPU
	EndGlobalSection
	GlobalSection(SolutionProperties) = preSolution
		HideSolutionNode = FALSE
	EndGlobalSection
	GlobalSection(ExtensibilityGlobals) = postSolution
		SolutionGuid = {53E08D33-515C-4488-8F4C-C60000E82067}
	EndGlobalSection
EndGlobal
