
Microsoft Visual Studio Solution File, Format Version 12.00
# Visual Studio Version 16
VisualStudioVersion = 16.0.30320.27
MinimumVisualStudioVersion = 10.0.40219.1
Project("{FAE04EC0-301F-11D3-BF4B-00C04F79EFBC}") = "if_anidados_3", "if_anidados_3\if_anidados_3.csproj", "{36F54A99-160E-4911-A3D9-FB13FB35B529}"
EndProject
Global
	GlobalSection(SolutionConfigurationPlatforms) = preSolution
		Debug|Any CPU = Debug|Any CPU
		Release|Any CPU = Release|Any CPU
	EndGlobalSection
	GlobalSection(ProjectConfigurationPlatforms) = postSolution
		{36F54A99-160E-4911-A3D9-FB13FB35B529}.Debug|Any CPU.ActiveCfg = Debug|Any CPU
		{36F54A99-160E-4911-A3D9-FB13FB35B529}.Debug|Any CPU.Build.0 = Debug|Any CPU
		{36F54A99-160E-4911-A3D9-FB13FB35B529}.Release|Any CPU.ActiveCfg = Release|Any CPU
		{36F54A99-160E-4911-A3D9-FB13FB35B529}.Release|Any CPU.Build.0 = Release|Any CPU
	EndGlobalSection
	GlobalSection(SolutionProperties) = preSolution
		HideSolutionNode = FALSE
	EndGlobalSection
	GlobalSection(ExtensibilityGlobals) = postSolution
		SolutionGuid = {44171DAA-1FAF-43DA-8793-DEC5397198BF}
	EndGlobalSection
EndGlobal
