
Microsoft Visual Studio Solution File, Format Version 12.00
# Visual Studio Version 16
VisualStudioVersion = 16.0.30320.27
MinimumVisualStudioVersion = 10.0.40219.1
Project("{FAE04EC0-301F-11D3-BF4B-00C04F79EFBC}") = "Excepciones2", "Excepciones2\Excepciones2.csproj", "{CC8BB174-08D4-47D5-B338-A68A762ACB30}"
EndProject
Global
	GlobalSection(SolutionConfigurationPlatforms) = preSolution
		Debug|Any CPU = Debug|Any CPU
		Release|Any CPU = Release|Any CPU
	EndGlobalSection
	GlobalSection(ProjectConfigurationPlatforms) = postSolution
		{CC8BB174-08D4-47D5-B338-A68A762ACB30}.Debug|Any CPU.ActiveCfg = Debug|Any CPU
		{CC8BB174-08D4-47D5-B338-A68A762ACB30}.Debug|Any CPU.Build.0 = Debug|Any CPU
		{CC8BB174-08D4-47D5-B338-A68A762ACB30}.Release|Any CPU.ActiveCfg = Release|Any CPU
		{CC8BB174-08D4-47D5-B338-A68A762ACB30}.Release|Any CPU.Build.0 = Release|Any CPU
	EndGlobalSection
	GlobalSection(SolutionProperties) = preSolution
		HideSolutionNode = FALSE
	EndGlobalSection
	GlobalSection(ExtensibilityGlobals) = postSolution
		SolutionGuid = {1E193242-03AB-4BD0-B59D-EBB61FD82C1A}
	EndGlobalSection
EndGlobal
