
Microsoft Visual Studio Solution File, Format Version 12.00
# Visual Studio Version 16
VisualStudioVersion = 16.0.30320.27
MinimumVisualStudioVersion = 10.0.40219.1
Project("{FAE04EC0-301F-11D3-BF4B-00C04F79EFBC}") = "Colecciones1", "Colecciones1\Colecciones1.csproj", "{BDEA8907-342C-4F71-B161-9D2B301ADDE7}"
EndProject
Global
	GlobalSection(SolutionConfigurationPlatforms) = preSolution
		Debug|Any CPU = Debug|Any CPU
		Release|Any CPU = Release|Any CPU
	EndGlobalSection
	GlobalSection(ProjectConfigurationPlatforms) = postSolution
		{BDEA8907-342C-4F71-B161-9D2B301ADDE7}.Debug|Any CPU.ActiveCfg = Debug|Any CPU
		{BDEA8907-342C-4F71-B161-9D2B301ADDE7}.Debug|Any CPU.Build.0 = Debug|Any CPU
		{BDEA8907-342C-4F71-B161-9D2B301ADDE7}.Release|Any CPU.ActiveCfg = Release|Any CPU
		{BDEA8907-342C-4F71-B161-9D2B301ADDE7}.Release|Any CPU.Build.0 = Release|Any CPU
	EndGlobalSection
	GlobalSection(SolutionProperties) = preSolution
		HideSolutionNode = FALSE
	EndGlobalSection
	GlobalSection(ExtensibilityGlobals) = postSolution
		SolutionGuid = {B538BDDD-7CE5-4B08-A5E6-0B8051AC0DFD}
	EndGlobalSection
EndGlobal
