
Microsoft Visual Studio Solution File, Format Version 12.00
# Visual Studio Version 16
VisualStudioVersion = 16.0.30320.27
MinimumVisualStudioVersion = 10.0.40219.1
Project("{FAE04EC0-301F-11D3-BF4B-00C04F79EFBC}") = "InterfazGrafica", "InterfazGrafica\InterfazGrafica.csproj", "{0D9A8D51-5F48-486A-814F-7C9FCBD8C647}"
EndProject
Global
	GlobalSection(SolutionConfigurationPlatforms) = preSolution
		Debug|Any CPU = Debug|Any CPU
		Release|Any CPU = Release|Any CPU
	EndGlobalSection
	GlobalSection(ProjectConfigurationPlatforms) = postSolution
		{0D9A8D51-5F48-486A-814F-7C9FCBD8C647}.Debug|Any CPU.ActiveCfg = Debug|Any CPU
		{0D9A8D51-5F48-486A-814F-7C9FCBD8C647}.Debug|Any CPU.Build.0 = Debug|Any CPU
		{0D9A8D51-5F48-486A-814F-7C9FCBD8C647}.Release|Any CPU.ActiveCfg = Release|Any CPU
		{0D9A8D51-5F48-486A-814F-7C9FCBD8C647}.Release|Any CPU.Build.0 = Release|Any CPU
	EndGlobalSection
	GlobalSection(SolutionProperties) = preSolution
		HideSolutionNode = FALSE
	EndGlobalSection
	GlobalSection(ExtensibilityGlobals) = postSolution
		SolutionGuid = {135870DB-607C-4E27-890A-A05CFD71D85B}
	EndGlobalSection
EndGlobal
