
Microsoft Visual Studio Solution File, Format Version 12.00
# Visual Studio Version 16
VisualStudioVersion = 16.0.30320.27
MinimumVisualStudioVersion = 10.0.40219.1
Project("{FAE04EC0-301F-11D3-BF4B-00C04F79EFBC}") = "variableConstante", "variableConstante\variableConstante.csproj", "{479B4E13-20A2-4A1B-8203-0A9C321BBA26}"
EndProject
Global
	GlobalSection(SolutionConfigurationPlatforms) = preSolution
		Debug|Any CPU = Debug|Any CPU
		Release|Any CPU = Release|Any CPU
	EndGlobalSection
	GlobalSection(ProjectConfigurationPlatforms) = postSolution
		{479B4E13-20A2-4A1B-8203-0A9C321BBA26}.Debug|Any CPU.ActiveCfg = Debug|Any CPU
		{479B4E13-20A2-4A1B-8203-0A9C321BBA26}.Debug|Any CPU.Build.0 = Debug|Any CPU
		{479B4E13-20A2-4A1B-8203-0A9C321BBA26}.Release|Any CPU.ActiveCfg = Release|Any CPU
		{479B4E13-20A2-4A1B-8203-0A9C321BBA26}.Release|Any CPU.Build.0 = Release|Any CPU
	EndGlobalSection
	GlobalSection(SolutionProperties) = preSolution
		HideSolutionNode = FALSE
	EndGlobalSection
	GlobalSection(ExtensibilityGlobals) = postSolution
		SolutionGuid = {497B1FE7-EEAC-4A7E-B0AF-D4B46AB21B95}
	EndGlobalSection
EndGlobal
